// !$*UTF8*$!
{
	archiveVersion = 1;
	classes = {
	};
	objectVersion = 52;
	objects = {

/* Begin PBXBuildFile section */
		142000DDB7222743B097C8E1 /* libPods-Project1210UITests.a in Frameworks */ = {isa = PBXBuildFile; fileRef = 7C91315392675D03810BEBC1 /* libPods-Project1210UITests.a */; };
		3AB0D08C8D16B0103E28F21C /* Pods_Project1210.framework in Frameworks */ = {isa = PBXBuildFile; fileRef = 62D3E7CE731B8FDA5C720C40 /* Pods_Project1210.framework */; };
		882667A4261A02C400657C23 /* AppDelegate.swift in Sources */ = {isa = PBXBuildFile; fileRef = 882667A3261A02C400657C23 /* AppDelegate.swift */; };
		882667A6261A02C400657C23 /* SceneDelegate.swift in Sources */ = {isa = PBXBuildFile; fileRef = 882667A5261A02C400657C23 /* SceneDelegate.swift */; };
		882667A8261A02C400657C23 /* MainPageViewController.swift in Sources */ = {isa = PBXBuildFile; fileRef = 882667A7261A02C400657C23 /* MainPageViewController.swift */; };
		882667AB261A02C400657C23 /* Main.storyboard in Resources */ = {isa = PBXBuildFile; fileRef = 882667A9261A02C400657C23 /* Main.storyboard */; };
		882667AE261A02C400657C23 /* Project1210.xcdatamodeld in Sources */ = {isa = PBXBuildFile; fileRef = 882667AC261A02C400657C23 /* Project1210.xcdatamodeld */; };
		882667B0261A02C400657C23 /* Assets.xcassets in Resources */ = {isa = PBXBuildFile; fileRef = 882667AF261A02C400657C23 /* Assets.xcassets */; };
		882667B3261A02C400657C23 /* LaunchScreen.storyboard in Resources */ = {isa = PBXBuildFile; fileRef = 882667B1261A02C400657C23 /* LaunchScreen.storyboard */; };
		882667BE261A02C500657C23 /* Project1210Tests.swift in Sources */ = {isa = PBXBuildFile; fileRef = 882667BD261A02C500657C23 /* Project1210Tests.swift */; };
		882667C9261A02C500657C23 /* Project1210UITests.swift in Sources */ = {isa = PBXBuildFile; fileRef = 882667C8261A02C500657C23 /* Project1210UITests.swift */; };
		882667E5261A03FD00657C23 /* UIButton+Styling.swift in Sources */ = {isa = PBXBuildFile; fileRef = 882667E4261A03FD00657C23 /* UIButton+Styling.swift */; };
		882667ED261A043300657C23 /* SignUpViewController.swift in Sources */ = {isa = PBXBuildFile; fileRef = 882667EC261A043300657C23 /* SignUpViewController.swift */; };
		882667F2261A045300657C23 /* MapViewController.swift in Sources */ = {isa = PBXBuildFile; fileRef = 882667F1261A045300657C23 /* MapViewController.swift */; };
		882667F7261A11A300657C23 /* LoginViewController.swift in Sources */ = {isa = PBXBuildFile; fileRef = 882667F6261A11A300657C23 /* LoginViewController.swift */; };
		88266807261C730C00657C23 /* UserProfileViewController.swift in Sources */ = {isa = PBXBuildFile; fileRef = 88266805261C730C00657C23 /* UserProfileViewController.swift */; };
		88266808261C730C00657C23 /* UserProfileViewController.xib in Resources */ = {isa = PBXBuildFile; fileRef = 88266806261C730C00657C23 /* UserProfileViewController.xib */; };
		88266820261CEC7300657C23 /* SymptomTestViewController.swift in Sources */ = {isa = PBXBuildFile; fileRef = 8826681E261CEC7300657C23 /* SymptomTestViewController.swift */; };
		88266821261CEC7300657C23 /* SymptomTestViewController.xib in Resources */ = {isa = PBXBuildFile; fileRef = 8826681F261CEC7300657C23 /* SymptomTestViewController.xib */; };
		884E69C32663884A00528E7B /* currentLocation.gpx in Resources */ = {isa = PBXBuildFile; fileRef = 884E69C22663884A00528E7B /* currentLocation.gpx */; };
		884E69E126652FCB00528E7B /* LogTableViewController.swift in Sources */ = {isa = PBXBuildFile; fileRef = 884E69DF26652FCB00528E7B /* LogTableViewController.swift */; };
		884E69E226652FCB00528E7B /* LogTableViewController.xib in Resources */ = {isa = PBXBuildFile; fileRef = 884E69E026652FCB00528E7B /* LogTableViewController.xib */; };
		884E69EB2666959900528E7B /* cellTableViewCell.swift in Sources */ = {isa = PBXBuildFile; fileRef = 884E69E92666959800528E7B /* cellTableViewCell.swift */; };
		884E69EC2666959900528E7B /* cellTableViewCell.xib in Resources */ = {isa = PBXBuildFile; fileRef = 884E69EA2666959800528E7B /* cellTableViewCell.xib */; };
		885583E1264020FB002CAF41 /* AdminSymptomViewController.swift in Sources */ = {isa = PBXBuildFile; fileRef = 885583DF264020FB002CAF41 /* AdminSymptomViewController.swift */; };
		885583E2264020FB002CAF41 /* AdminSymptomViewController.xib in Resources */ = {isa = PBXBuildFile; fileRef = 885583E0264020FB002CAF41 /* AdminSymptomViewController.xib */; };
		885583FA2642984A002CAF41 /* SymptomModel.swift in Sources */ = {isa = PBXBuildFile; fileRef = 885583F92642984A002CAF41 /* SymptomModel.swift */; };
		8855840026429D27002CAF41 /* AdminModel.swift in Sources */ = {isa = PBXBuildFile; fileRef = 885583FF26429D27002CAF41 /* AdminModel.swift */; };
		8855840A2642A084002CAF41 /* AdminSymptomTableViewController.swift in Sources */ = {isa = PBXBuildFile; fileRef = 885584082642A084002CAF41 /* AdminSymptomTableViewController.swift */; };
		8855840B2642A084002CAF41 /* AdminSymptomTableViewController.xib in Resources */ = {isa = PBXBuildFile; fileRef = 885584092642A084002CAF41 /* AdminSymptomTableViewController.xib */; };
		885584162642A125002CAF41 /* AdminSymptomTableViewCell.swift in Sources */ = {isa = PBXBuildFile; fileRef = 885584142642A125002CAF41 /* AdminSymptomTableViewCell.swift */; };
		885584172642A125002CAF41 /* AdminSymptomTableViewCell.xib in Resources */ = {isa = PBXBuildFile; fileRef = 885584152642A125002CAF41 /* AdminSymptomTableViewCell.xib */; };
		8855841C2642A64F002CAF41 /* AdminCellModel.swift in Sources */ = {isa = PBXBuildFile; fileRef = 8855841B2642A64F002CAF41 /* AdminCellModel.swift */; };
		8855845F26498548002CAF41 /* ML.swift in Sources */ = {isa = PBXBuildFile; fileRef = 8855845E26498548002CAF41 /* ML.swift */; };
		88558467264FF338002CAF41 /* AlgorithmModel.swift in Sources */ = {isa = PBXBuildFile; fileRef = 88558466264FF338002CAF41 /* AlgorithmModel.swift */; };
		88558470264FF6B3002CAF41 /* AdminSymptom+CoronoPrediction.swift in Sources */ = {isa = PBXBuildFile; fileRef = 8855846F264FF6B3002CAF41 /* AdminSymptom+CoronoPrediction.swift */; };
		88D43E16262B122B00A6CD6A /* SQLite in Frameworks */ = {isa = PBXBuildFile; productRef = 88D43E15262B122B00A6CD6A /* SQLite */; };
		88D43E41262C1E2700A6CD6A /* DateFormatter.swift in Sources */ = {isa = PBXBuildFile; fileRef = 88D43E40262C1E2700A6CD6A /* DateFormatter.swift */; };
		88D43E5B262C2E3C00A6CD6A /* IndexFormatter.swift in Sources */ = {isa = PBXBuildFile; fileRef = 88D43E5A262C2E3C00A6CD6A /* IndexFormatter.swift */; };
		88D43E6F262C507300A6CD6A /* AdminPageViewController.swift in Sources */ = {isa = PBXBuildFile; fileRef = 88D43E6E262C507300A6CD6A /* AdminPageViewController.swift */; };
		88D43E87262C604500A6CD6A /* UserListTableViewController.swift in Sources */ = {isa = PBXBuildFile; fileRef = 88D43E85262C604500A6CD6A /* UserListTableViewController.swift */; };
		88D43E88262C604500A6CD6A /* UserListTableViewController.xib in Resources */ = {isa = PBXBuildFile; fileRef = 88D43E86262C604500A6CD6A /* UserListTableViewController.xib */; };
		88D43E8D262C75B600A6CD6A /* SymptomQuestionModel.swift in Sources */ = {isa = PBXBuildFile; fileRef = 88D43E8C262C75B600A6CD6A /* SymptomQuestionModel.swift */; };
		88D43EE8262E143A00A6CD6A /* LocationManager.swift in Sources */ = {isa = PBXBuildFile; fileRef = 88D43EE7262E143A00A6CD6A /* LocationManager.swift */; };
		88D43FA92635D5D400A6CD6A /* UITableView+NibRegistering.swift in Sources */ = {isa = PBXBuildFile; fileRef = 88D43FA82635D5D400A6CD6A /* UITableView+NibRegistering.swift */; };
		88D43FAE2635D60E00A6CD6A /* UIView+Alert.swift in Sources */ = {isa = PBXBuildFile; fileRef = 88D43FAD2635D60E00A6CD6A /* UIView+Alert.swift */; };
		88D43FB72635D6CA00A6CD6A /* UserInfoPresentation.swift in Sources */ = {isa = PBXBuildFile; fileRef = 88D43FB62635D6CA00A6CD6A /* UserInfoPresentation.swift */; };
		88D43FC12635D71900A6CD6A /* UserListViewModel.swift in Sources */ = {isa = PBXBuildFile; fileRef = 88D43FC02635D71900A6CD6A /* UserListViewModel.swift */; };
		88D43FCA2635D75F00A6CD6A /* DataBaseCommands.swift in Sources */ = {isa = PBXBuildFile; fileRef = 88D43FC92635D75F00A6CD6A /* DataBaseCommands.swift */; };
		88D43FD22635D78000A6CD6A /* DataBaseModel.swift in Sources */ = {isa = PBXBuildFile; fileRef = 88D43FD12635D78000A6CD6A /* DataBaseModel.swift */; };
		88D43FD72635D7A500A6CD6A /* UserModel.swift in Sources */ = {isa = PBXBuildFile; fileRef = 88D43FD62635D7A500A6CD6A /* UserModel.swift */; };
		88D43FE12635D88D00A6CD6A /* UserTableViewCell.swift in Sources */ = {isa = PBXBuildFile; fileRef = 88D43FDF2635D88D00A6CD6A /* UserTableViewCell.swift */; };
		88D43FE22635D88D00A6CD6A /* UserTableViewCell.xib in Resources */ = {isa = PBXBuildFile; fileRef = 88D43FE02635D88D00A6CD6A /* UserTableViewCell.xib */; };
		88D43FEC2635DB4B00A6CD6A /* SignUpViewModel.swift in Sources */ = {isa = PBXBuildFile; fileRef = 88D43FEB2635DB4B00A6CD6A /* SignUpViewModel.swift */; };
		88D94E172656EE180021A9B1 /* finalmodel.mlmodel in Sources */ = {isa = PBXBuildFile; fileRef = 88D94E162656EE180021A9B1 /* finalmodel.mlmodel */; };
		88D94E2F2660081F0021A9B1 /* GoogleMapsUtils in Frameworks */ = {isa = PBXBuildFile; productRef = 88D94E2E2660081F0021A9B1 /* GoogleMapsUtils */; };
		88D94E3626600A1F0021A9B1 /* Guest.swift in Sources */ = {isa = PBXBuildFile; fileRef = 88D94E3526600A1F0021A9B1 /* Guest.swift */; };
		88D94E3B26600BF50021A9B1 /* Locations.swift in Sources */ = {isa = PBXBuildFile; fileRef = 88D94E3A26600BF50021A9B1 /* Locations.swift */; };
		91243EA581930BDD41E7696C /* libPods-Project1210Tests.a in Frameworks */ = {isa = PBXBuildFile; fileRef = D71C53A91E0772C73D16DA28 /* libPods-Project1210Tests.a */; };
/* End PBXBuildFile section */

/* Begin PBXContainerItemProxy section */
		882667BA261A02C500657C23 /* PBXContainerItemProxy */ = {
			isa = PBXContainerItemProxy;
			containerPortal = 88266798261A02C400657C23 /* Project object */;
			proxyType = 1;
			remoteGlobalIDString = 8826679F261A02C400657C23;
			remoteInfo = Project1210;
		};
		882667C5261A02C500657C23 /* PBXContainerItemProxy */ = {
			isa = PBXContainerItemProxy;
			containerPortal = 88266798261A02C400657C23 /* Project object */;
			proxyType = 1;
			remoteGlobalIDString = 8826679F261A02C400657C23;
			remoteInfo = Project1210;
		};
/* End PBXContainerItemProxy section */

/* Begin PBXFileReference section */
		10D3097E1EEAD4F103193CEF /* Pods-Project1210.release.xcconfig */ = {isa = PBXFileReference; includeInIndex = 1; lastKnownFileType = text.xcconfig; name = "Pods-Project1210.release.xcconfig"; path = "Target Support Files/Pods-Project1210/Pods-Project1210.release.xcconfig"; sourceTree = "<group>"; };
		4835A31039F33ED3491E41FD /* Pods-Project1210Tests.release.xcconfig */ = {isa = PBXFileReference; includeInIndex = 1; lastKnownFileType = text.xcconfig; name = "Pods-Project1210Tests.release.xcconfig"; path = "Target Support Files/Pods-Project1210Tests/Pods-Project1210Tests.release.xcconfig"; sourceTree = "<group>"; };
		51421A8D434282DF5A341126 /* Pods-Project1210Tests.debug.xcconfig */ = {isa = PBXFileReference; includeInIndex = 1; lastKnownFileType = text.xcconfig; name = "Pods-Project1210Tests.debug.xcconfig"; path = "Target Support Files/Pods-Project1210Tests/Pods-Project1210Tests.debug.xcconfig"; sourceTree = "<group>"; };
		62D3E7CE731B8FDA5C720C40 /* Pods_Project1210.framework */ = {isa = PBXFileReference; explicitFileType = wrapper.framework; includeInIndex = 0; path = Pods_Project1210.framework; sourceTree = BUILT_PRODUCTS_DIR; };
		7C91315392675D03810BEBC1 /* libPods-Project1210UITests.a */ = {isa = PBXFileReference; explicitFileType = archive.ar; includeInIndex = 0; path = "libPods-Project1210UITests.a"; sourceTree = BUILT_PRODUCTS_DIR; };
		882667A0261A02C400657C23 /* Project1210.app */ = {isa = PBXFileReference; explicitFileType = wrapper.application; includeInIndex = 0; path = Project1210.app; sourceTree = BUILT_PRODUCTS_DIR; };
		882667A3261A02C400657C23 /* AppDelegate.swift */ = {isa = PBXFileReference; lastKnownFileType = sourcecode.swift; path = AppDelegate.swift; sourceTree = "<group>"; };
		882667A5261A02C400657C23 /* SceneDelegate.swift */ = {isa = PBXFileReference; lastKnownFileType = sourcecode.swift; path = SceneDelegate.swift; sourceTree = "<group>"; };
		882667A7261A02C400657C23 /* MainPageViewController.swift */ = {isa = PBXFileReference; lastKnownFileType = sourcecode.swift; path = MainPageViewController.swift; sourceTree = "<group>"; };
		882667AA261A02C400657C23 /* Base */ = {isa = PBXFileReference; lastKnownFileType = file.storyboard; name = Base; path = Base.lproj/Main.storyboard; sourceTree = "<group>"; };
		882667AD261A02C400657C23 /* Project1210.xcdatamodel */ = {isa = PBXFileReference; lastKnownFileType = wrapper.xcdatamodel; path = Project1210.xcdatamodel; sourceTree = "<group>"; };
		882667AF261A02C400657C23 /* Assets.xcassets */ = {isa = PBXFileReference; lastKnownFileType = folder.assetcatalog; path = Assets.xcassets; sourceTree = "<group>"; };
		882667B2261A02C400657C23 /* Base */ = {isa = PBXFileReference; lastKnownFileType = file.storyboard; name = Base; path = Base.lproj/LaunchScreen.storyboard; sourceTree = "<group>"; };
		882667B4261A02C400657C23 /* Info.plist */ = {isa = PBXFileReference; lastKnownFileType = text.plist.xml; path = Info.plist; sourceTree = "<group>"; };
		882667B9261A02C500657C23 /* Project1210Tests.xctest */ = {isa = PBXFileReference; explicitFileType = wrapper.cfbundle; includeInIndex = 0; path = Project1210Tests.xctest; sourceTree = BUILT_PRODUCTS_DIR; };
		882667BD261A02C500657C23 /* Project1210Tests.swift */ = {isa = PBXFileReference; lastKnownFileType = sourcecode.swift; path = Project1210Tests.swift; sourceTree = "<group>"; };
		882667BF261A02C500657C23 /* Info.plist */ = {isa = PBXFileReference; lastKnownFileType = text.plist.xml; path = Info.plist; sourceTree = "<group>"; };
		882667C4261A02C500657C23 /* Project1210UITests.xctest */ = {isa = PBXFileReference; explicitFileType = wrapper.cfbundle; includeInIndex = 0; path = Project1210UITests.xctest; sourceTree = BUILT_PRODUCTS_DIR; };
		882667C8261A02C500657C23 /* Project1210UITests.swift */ = {isa = PBXFileReference; lastKnownFileType = sourcecode.swift; path = Project1210UITests.swift; sourceTree = "<group>"; };
		882667CA261A02C500657C23 /* Info.plist */ = {isa = PBXFileReference; lastKnownFileType = text.plist.xml; path = Info.plist; sourceTree = "<group>"; };
		882667E4261A03FD00657C23 /* UIButton+Styling.swift */ = {isa = PBXFileReference; lastKnownFileType = sourcecode.swift; path = "UIButton+Styling.swift"; sourceTree = "<group>"; };
		882667EC261A043300657C23 /* SignUpViewController.swift */ = {isa = PBXFileReference; lastKnownFileType = sourcecode.swift; path = SignUpViewController.swift; sourceTree = "<group>"; };
		882667F1261A045300657C23 /* MapViewController.swift */ = {isa = PBXFileReference; lastKnownFileType = sourcecode.swift; path = MapViewController.swift; sourceTree = "<group>"; };
		882667F6261A11A300657C23 /* LoginViewController.swift */ = {isa = PBXFileReference; lastKnownFileType = sourcecode.swift; path = LoginViewController.swift; sourceTree = "<group>"; };
		88266805261C730C00657C23 /* UserProfileViewController.swift */ = {isa = PBXFileReference; lastKnownFileType = sourcecode.swift; path = UserProfileViewController.swift; sourceTree = "<group>"; };
		88266806261C730C00657C23 /* UserProfileViewController.xib */ = {isa = PBXFileReference; lastKnownFileType = file.xib; path = UserProfileViewController.xib; sourceTree = "<group>"; };
		8826681E261CEC7300657C23 /* SymptomTestViewController.swift */ = {isa = PBXFileReference; lastKnownFileType = sourcecode.swift; path = SymptomTestViewController.swift; sourceTree = "<group>"; };
		8826681F261CEC7300657C23 /* SymptomTestViewController.xib */ = {isa = PBXFileReference; lastKnownFileType = file.xib; path = SymptomTestViewController.xib; sourceTree = "<group>"; };
		884E69C22663884A00528E7B /* currentLocation.gpx */ = {isa = PBXFileReference; fileEncoding = 4; lastKnownFileType = text.xml; name = currentLocation.gpx; path = "../../../Desktop/BAU2021/Capstone/Elif/CapstoneProject1210-main-latest/currentLocation.gpx"; sourceTree = "<group>"; };
		884E69DF26652FCB00528E7B /* LogTableViewController.swift */ = {isa = PBXFileReference; lastKnownFileType = sourcecode.swift; path = LogTableViewController.swift; sourceTree = "<group>"; };
		884E69E026652FCB00528E7B /* LogTableViewController.xib */ = {isa = PBXFileReference; lastKnownFileType = file.xib; path = LogTableViewController.xib; sourceTree = "<group>"; };
		884E69E92666959800528E7B /* cellTableViewCell.swift */ = {isa = PBXFileReference; lastKnownFileType = sourcecode.swift; path = cellTableViewCell.swift; sourceTree = "<group>"; };
		884E69EA2666959800528E7B /* cellTableViewCell.xib */ = {isa = PBXFileReference; lastKnownFileType = file.xib; path = cellTableViewCell.xib; sourceTree = "<group>"; };
		885583DF264020FB002CAF41 /* AdminSymptomViewController.swift */ = {isa = PBXFileReference; lastKnownFileType = sourcecode.swift; path = AdminSymptomViewController.swift; sourceTree = "<group>"; };
		885583E0264020FB002CAF41 /* AdminSymptomViewController.xib */ = {isa = PBXFileReference; lastKnownFileType = file.xib; path = AdminSymptomViewController.xib; sourceTree = "<group>"; };
		885583F92642984A002CAF41 /* SymptomModel.swift */ = {isa = PBXFileReference; lastKnownFileType = sourcecode.swift; path = SymptomModel.swift; sourceTree = "<group>"; };
		885583FF26429D27002CAF41 /* AdminModel.swift */ = {isa = PBXFileReference; lastKnownFileType = sourcecode.swift; path = AdminModel.swift; sourceTree = "<group>"; };
		885584082642A084002CAF41 /* AdminSymptomTableViewController.swift */ = {isa = PBXFileReference; lastKnownFileType = sourcecode.swift; path = AdminSymptomTableViewController.swift; sourceTree = "<group>"; };
		885584092642A084002CAF41 /* AdminSymptomTableViewController.xib */ = {isa = PBXFileReference; lastKnownFileType = file.xib; path = AdminSymptomTableViewController.xib; sourceTree = "<group>"; };
		885584142642A125002CAF41 /* AdminSymptomTableViewCell.swift */ = {isa = PBXFileReference; lastKnownFileType = sourcecode.swift; path = AdminSymptomTableViewCell.swift; sourceTree = "<group>"; };
		885584152642A125002CAF41 /* AdminSymptomTableViewCell.xib */ = {isa = PBXFileReference; lastKnownFileType = file.xib; path = AdminSymptomTableViewCell.xib; sourceTree = "<group>"; };
		8855841B2642A64F002CAF41 /* AdminCellModel.swift */ = {isa = PBXFileReference; lastKnownFileType = sourcecode.swift; path = AdminCellModel.swift; sourceTree = "<group>"; };
		8855845E26498548002CAF41 /* ML.swift */ = {isa = PBXFileReference; lastKnownFileType = sourcecode.swift; path = ML.swift; sourceTree = "<group>"; };
		88558466264FF338002CAF41 /* AlgorithmModel.swift */ = {isa = PBXFileReference; lastKnownFileType = sourcecode.swift; path = AlgorithmModel.swift; sourceTree = "<group>"; };
		8855846F264FF6B3002CAF41 /* AdminSymptom+CoronoPrediction.swift */ = {isa = PBXFileReference; lastKnownFileType = sourcecode.swift; path = "AdminSymptom+CoronoPrediction.swift"; sourceTree = "<group>"; };
		88D43E40262C1E2700A6CD6A /* DateFormatter.swift */ = {isa = PBXFileReference; lastKnownFileType = sourcecode.swift; path = DateFormatter.swift; sourceTree = "<group>"; };
		88D43E5A262C2E3C00A6CD6A /* IndexFormatter.swift */ = {isa = PBXFileReference; lastKnownFileType = sourcecode.swift; path = IndexFormatter.swift; sourceTree = "<group>"; };
		88D43E6E262C507300A6CD6A /* AdminPageViewController.swift */ = {isa = PBXFileReference; lastKnownFileType = sourcecode.swift; path = AdminPageViewController.swift; sourceTree = "<group>"; };
		88D43E85262C604500A6CD6A /* UserListTableViewController.swift */ = {isa = PBXFileReference; lastKnownFileType = sourcecode.swift; path = UserListTableViewController.swift; sourceTree = "<group>"; };
		88D43E86262C604500A6CD6A /* UserListTableViewController.xib */ = {isa = PBXFileReference; lastKnownFileType = file.xib; path = UserListTableViewController.xib; sourceTree = "<group>"; };
		88D43E8C262C75B600A6CD6A /* SymptomQuestionModel.swift */ = {isa = PBXFileReference; lastKnownFileType = sourcecode.swift; path = SymptomQuestionModel.swift; sourceTree = "<group>"; };
		88D43EE7262E143A00A6CD6A /* LocationManager.swift */ = {isa = PBXFileReference; lastKnownFileType = sourcecode.swift; path = LocationManager.swift; sourceTree = "<group>"; };
		88D43FA82635D5D400A6CD6A /* UITableView+NibRegistering.swift */ = {isa = PBXFileReference; lastKnownFileType = sourcecode.swift; path = "UITableView+NibRegistering.swift"; sourceTree = "<group>"; };
		88D43FAD2635D60E00A6CD6A /* UIView+Alert.swift */ = {isa = PBXFileReference; lastKnownFileType = sourcecode.swift; path = "UIView+Alert.swift"; sourceTree = "<group>"; };
		88D43FB62635D6CA00A6CD6A /* UserInfoPresentation.swift */ = {isa = PBXFileReference; lastKnownFileType = sourcecode.swift; path = UserInfoPresentation.swift; sourceTree = "<group>"; };
		88D43FC02635D71900A6CD6A /* UserListViewModel.swift */ = {isa = PBXFileReference; lastKnownFileType = sourcecode.swift; path = UserListViewModel.swift; sourceTree = "<group>"; };
		88D43FC92635D75F00A6CD6A /* DataBaseCommands.swift */ = {isa = PBXFileReference; lastKnownFileType = sourcecode.swift; path = DataBaseCommands.swift; sourceTree = "<group>"; };
		88D43FD12635D78000A6CD6A /* DataBaseModel.swift */ = {isa = PBXFileReference; lastKnownFileType = sourcecode.swift; path = DataBaseModel.swift; sourceTree = "<group>"; };
		88D43FD62635D7A500A6CD6A /* UserModel.swift */ = {isa = PBXFileReference; lastKnownFileType = sourcecode.swift; path = UserModel.swift; sourceTree = "<group>"; };
		88D43FDF2635D88D00A6CD6A /* UserTableViewCell.swift */ = {isa = PBXFileReference; lastKnownFileType = sourcecode.swift; path = UserTableViewCell.swift; sourceTree = "<group>"; };
		88D43FE02635D88D00A6CD6A /* UserTableViewCell.xib */ = {isa = PBXFileReference; lastKnownFileType = file.xib; path = UserTableViewCell.xib; sourceTree = "<group>"; };
		88D43FEB2635DB4B00A6CD6A /* SignUpViewModel.swift */ = {isa = PBXFileReference; lastKnownFileType = sourcecode.swift; path = SignUpViewModel.swift; sourceTree = "<group>"; };
		88D94E162656EE180021A9B1 /* finalmodel.mlmodel */ = {isa = PBXFileReference; lastKnownFileType = file.mlmodel; name = finalmodel.mlmodel; path = ../../../../Desktop/BAU2021/Capstone/finalmodel.mlmodel; sourceTree = "<group>"; };
		88D94E3526600A1F0021A9B1 /* Guest.swift */ = {isa = PBXFileReference; lastKnownFileType = sourcecode.swift; path = Guest.swift; sourceTree = "<group>"; };
		88D94E3A26600BF50021A9B1 /* Locations.swift */ = {isa = PBXFileReference; lastKnownFileType = sourcecode.swift; path = Locations.swift; sourceTree = "<group>"; };
		998A915BF3D9EAB7F08439D4 /* Pods-Project1210UITests.release.xcconfig */ = {isa = PBXFileReference; includeInIndex = 1; lastKnownFileType = text.xcconfig; name = "Pods-Project1210UITests.release.xcconfig"; path = "Target Support Files/Pods-Project1210UITests/Pods-Project1210UITests.release.xcconfig"; sourceTree = "<group>"; };
		ABD6046D65B4C274BA85E522 /* Pods-Project1210.debug.xcconfig */ = {isa = PBXFileReference; includeInIndex = 1; lastKnownFileType = text.xcconfig; name = "Pods-Project1210.debug.xcconfig"; path = "Target Support Files/Pods-Project1210/Pods-Project1210.debug.xcconfig"; sourceTree = "<group>"; };
		C24EA4CF7432345D24151135 /* Pods-Project1210UITests.debug.xcconfig */ = {isa = PBXFileReference; includeInIndex = 1; lastKnownFileType = text.xcconfig; name = "Pods-Project1210UITests.debug.xcconfig"; path = "Target Support Files/Pods-Project1210UITests/Pods-Project1210UITests.debug.xcconfig"; sourceTree = "<group>"; };
		D71C53A91E0772C73D16DA28 /* libPods-Project1210Tests.a */ = {isa = PBXFileReference; explicitFileType = archive.ar; includeInIndex = 0; path = "libPods-Project1210Tests.a"; sourceTree = BUILT_PRODUCTS_DIR; };
/* End PBXFileReference section */

/* Begin PBXFrameworksBuildPhase section */
		8826679D261A02C400657C23 /* Frameworks */ = {
			isa = PBXFrameworksBuildPhase;
			buildActionMask = 2147483647;
			files = (
				88D94E2F2660081F0021A9B1 /* GoogleMapsUtils in Frameworks */,
				88D43E16262B122B00A6CD6A /* SQLite in Frameworks */,
				3AB0D08C8D16B0103E28F21C /* Pods_Project1210.framework in Frameworks */,
			);
			runOnlyForDeploymentPostprocessing = 0;
		};
		882667B6261A02C500657C23 /* Frameworks */ = {
			isa = PBXFrameworksBuildPhase;
			buildActionMask = 2147483647;
			files = (
				91243EA581930BDD41E7696C /* libPods-Project1210Tests.a in Frameworks */,
			);
			runOnlyForDeploymentPostprocessing = 0;
		};
		882667C1261A02C500657C23 /* Frameworks */ = {
			isa = PBXFrameworksBuildPhase;
			buildActionMask = 2147483647;
			files = (
				142000DDB7222743B097C8E1 /* libPods-Project1210UITests.a in Frameworks */,
			);
			runOnlyForDeploymentPostprocessing = 0;
		};
/* End PBXFrameworksBuildPhase section */

/* Begin PBXGroup section */
		0BF617E2BA5F5739CA106E53 /* Pods */ = {
			isa = PBXGroup;
			children = (
				ABD6046D65B4C274BA85E522 /* Pods-Project1210.debug.xcconfig */,
				10D3097E1EEAD4F103193CEF /* Pods-Project1210.release.xcconfig */,
				51421A8D434282DF5A341126 /* Pods-Project1210Tests.debug.xcconfig */,
				4835A31039F33ED3491E41FD /* Pods-Project1210Tests.release.xcconfig */,
				C24EA4CF7432345D24151135 /* Pods-Project1210UITests.debug.xcconfig */,
				998A915BF3D9EAB7F08439D4 /* Pods-Project1210UITests.release.xcconfig */,
			);
			path = Pods;
			sourceTree = "<group>";
		};
		88266797261A02C400657C23 = {
			isa = PBXGroup;
			children = (
				884E69C22663884A00528E7B /* currentLocation.gpx */,
				882667A2261A02C400657C23 /* Project1210 */,
				882667BC261A02C500657C23 /* Project1210Tests */,
				882667C7261A02C500657C23 /* Project1210UITests */,
				882667A1261A02C400657C23 /* Products */,
				0BF617E2BA5F5739CA106E53 /* Pods */,
				E86770F1E49B263C84FE6A35 /* Frameworks */,
			);
			sourceTree = "<group>";
		};
		882667A1261A02C400657C23 /* Products */ = {
			isa = PBXGroup;
			children = (
				882667A0261A02C400657C23 /* Project1210.app */,
				882667B9261A02C500657C23 /* Project1210Tests.xctest */,
				882667C4261A02C500657C23 /* Project1210UITests.xctest */,
			);
			name = Products;
			sourceTree = "<group>";
		};
		882667A2261A02C400657C23 /* Project1210 */ = {
			isa = PBXGroup;
			children = (
				882667D9261A033400657C23 /* Swift */,
				882667A9261A02C400657C23 /* Main.storyboard */,
				882667B1261A02C400657C23 /* LaunchScreen.storyboard */,
				882667B4261A02C400657C23 /* Info.plist */,
				88D94E162656EE180021A9B1 /* finalmodel.mlmodel */,
			);
			path = Project1210;
			sourceTree = "<group>";
		};
		882667BC261A02C500657C23 /* Project1210Tests */ = {
			isa = PBXGroup;
			children = (
				882667BD261A02C500657C23 /* Project1210Tests.swift */,
				882667BF261A02C500657C23 /* Info.plist */,
			);
			path = Project1210Tests;
			sourceTree = "<group>";
		};
		882667C7261A02C500657C23 /* Project1210UITests */ = {
			isa = PBXGroup;
			children = (
				882667C8261A02C500657C23 /* Project1210UITests.swift */,
				882667CA261A02C500657C23 /* Info.plist */,
			);
			path = Project1210UITests;
			sourceTree = "<group>";
		};
		882667D9261A033400657C23 /* Swift */ = {
			isa = PBXGroup;
			children = (
				882667E0261A03A000657C23 /* Common */,
				882667E1261A03B800657C23 /* Features */,
				882667DA261A034000657C23 /* SupportingFiles */,
			);
			path = Swift;
			sourceTree = "<group>";
		};
		882667DA261A034000657C23 /* SupportingFiles */ = {
			isa = PBXGroup;
			children = (
				882667AF261A02C400657C23 /* Assets.xcassets */,
				882667A3261A02C400657C23 /* AppDelegate.swift */,
				882667A5261A02C400657C23 /* SceneDelegate.swift */,
				882667AC261A02C400657C23 /* Project1210.xcdatamodeld */,
			);
			path = SupportingFiles;
			sourceTree = "<group>";
		};
		882667DE261A038C00657C23 /* Extensions */ = {
			isa = PBXGroup;
			children = (
				88D43E3F262C1E1400A6CD6A /* Formatter */,
				882667DF261A039700657C23 /* UI */,
			);
			path = Extensions;
			sourceTree = "<group>";
		};
		882667DF261A039700657C23 /* UI */ = {
			isa = PBXGroup;
			children = (
				882667E4261A03FD00657C23 /* UIButton+Styling.swift */,
				88D43FA82635D5D400A6CD6A /* UITableView+NibRegistering.swift */,
				88D43FAD2635D60E00A6CD6A /* UIView+Alert.swift */,
			);
			path = UI;
			sourceTree = "<group>";
		};
		882667E0261A03A000657C23 /* Common */ = {
			isa = PBXGroup;
			children = (
				88D43EE6262E142700A6CD6A /* Manager */,
				882667DE261A038C00657C23 /* Extensions */,
			);
			path = Common;
			sourceTree = "<group>";
		};
		882667E1261A03B800657C23 /* Features */ = {
			isa = PBXGroup;
			children = (
				88D43EB8262DA50100A6CD6A /* Admin */,
				88D43FC82635D73100A6CD6A /* Data */,
				88D94E33266009CC0021A9B1 /* Guest */,
				88D43EB0262DA40900A6CD6A /* LoginPage */,
				882667E2261A03C100657C23 /* MainPage */,
				88D43EB4262DA44F00A6CD6A /* MapView */,
				88D43EB7262DA4E600A6CD6A /* SignUp */,
				88D43EB6262DA4BC00A6CD6A /* SymptomsTest */,
				88D43EB5262DA48600A6CD6A /* UserProfileInfo */,
			);
			path = Features;
			sourceTree = "<group>";
		};
		882667E2261A03C100657C23 /* MainPage */ = {
			isa = PBXGroup;
			children = (
				882667E3261A03D800657C23 /* ViewController */,
			);
			path = MainPage;
			sourceTree = "<group>";
		};
		882667E3261A03D800657C23 /* ViewController */ = {
			isa = PBXGroup;
			children = (
				882667A7261A02C400657C23 /* MainPageViewController.swift */,
			);
			path = ViewController;
			sourceTree = "<group>";
		};
		885583DE264020BD002CAF41 /* AdminSymptoms */ = {
			isa = PBXGroup;
			children = (
				8855846E264FF675002CAF41 /* Extension */,
				885583DF264020FB002CAF41 /* AdminSymptomViewController.swift */,
				885583E0264020FB002CAF41 /* AdminSymptomViewController.xib */,
			);
			path = AdminSymptoms;
			sourceTree = "<group>";
		};
		885583F82642983C002CAF41 /* Model */ = {
			isa = PBXGroup;
			children = (
				88D43E8C262C75B600A6CD6A /* SymptomQuestionModel.swift */,
				885583F92642984A002CAF41 /* SymptomModel.swift */,
			);
			path = Model;
			sourceTree = "<group>";
		};
		885583FE26429D19002CAF41 /* Model */ = {
			isa = PBXGroup;
			children = (
				885583FF26429D27002CAF41 /* AdminModel.swift */,
			);
			path = Model;
			sourceTree = "<group>";
		};
		885584072642A017002CAF41 /* AdminSymptomViewController */ = {
			isa = PBXGroup;
			children = (
				885584082642A084002CAF41 /* AdminSymptomTableViewController.swift */,
				885584092642A084002CAF41 /* AdminSymptomTableViewController.xib */,
			);
			path = AdminSymptomViewController;
			sourceTree = "<group>";
		};
		885584122642A09A002CAF41 /* Controllers */ = {
			isa = PBXGroup;
			children = (
				885584132642A0CE002CAF41 /* AdminSymptomCell */,
				885583DE264020BD002CAF41 /* AdminSymptoms */,
				885584072642A017002CAF41 /* AdminSymptomViewController */,
			);
			path = Controllers;
			sourceTree = "<group>";
		};
		885584132642A0CE002CAF41 /* AdminSymptomCell */ = {
			isa = PBXGroup;
			children = (
				885584142642A125002CAF41 /* AdminSymptomTableViewCell.swift */,
				885584152642A125002CAF41 /* AdminSymptomTableViewCell.xib */,
				8855841B2642A64F002CAF41 /* AdminCellModel.swift */,
			);
			path = AdminSymptomCell;
			sourceTree = "<group>";
		};
		885584202642A711002CAF41 /* Model */ = {
			isa = PBXGroup;
			children = (
				88D43FD12635D78000A6CD6A /* DataBaseModel.swift */,
				88D43FD62635D7A500A6CD6A /* UserModel.swift */,
				88558466264FF338002CAF41 /* AlgorithmModel.swift */,
			);
			path = Model;
			sourceTree = "<group>";
		};
		885584212642A721002CAF41 /* Commands */ = {
			isa = PBXGroup;
			children = (
				88D43FC92635D75F00A6CD6A /* DataBaseCommands.swift */,
			);
			path = Commands;
			sourceTree = "<group>";
		};
		8855846E264FF675002CAF41 /* Extension */ = {
			isa = PBXGroup;
			children = (
				8855846F264FF6B3002CAF41 /* AdminSymptom+CoronoPrediction.swift */,
			);
			path = Extension;
			sourceTree = "<group>";
		};
		88D43E3F262C1E1400A6CD6A /* Formatter */ = {
			isa = PBXGroup;
			children = (
				88D43E40262C1E2700A6CD6A /* DateFormatter.swift */,
				88D43E5A262C2E3C00A6CD6A /* IndexFormatter.swift */,
			);
			path = Formatter;
			sourceTree = "<group>";
		};
		88D43EB0262DA40900A6CD6A /* LoginPage */ = {
			isa = PBXGroup;
			children = (
				882667F6261A11A300657C23 /* LoginViewController.swift */,
			);
			path = LoginPage;
			sourceTree = "<group>";
		};
		88D43EB4262DA44F00A6CD6A /* MapView */ = {
			isa = PBXGroup;
			children = (
				882667F1261A045300657C23 /* MapViewController.swift */,
				88D94E3A26600BF50021A9B1 /* Locations.swift */,
			);
			path = MapView;
			sourceTree = "<group>";
		};
		88D43EB5262DA48600A6CD6A /* UserProfileInfo */ = {
			isa = PBXGroup;
			children = (
				88266805261C730C00657C23 /* UserProfileViewController.swift */,
				88266806261C730C00657C23 /* UserProfileViewController.xib */,
			);
			path = UserProfileInfo;
			sourceTree = "<group>";
		};
		88D43EB6262DA4BC00A6CD6A /* SymptomsTest */ = {
			isa = PBXGroup;
			children = (
				885583F82642983C002CAF41 /* Model */,
				8826681E261CEC7300657C23 /* SymptomTestViewController.swift */,
				8826681F261CEC7300657C23 /* SymptomTestViewController.xib */,
			);
			path = SymptomsTest;
			sourceTree = "<group>";
		};
		88D43EB7262DA4E600A6CD6A /* SignUp */ = {
			isa = PBXGroup;
			children = (
				88D43FEA2635DB3900A6CD6A /* Model */,
				882667EC261A043300657C23 /* SignUpViewController.swift */,
			);
			path = SignUp;
			sourceTree = "<group>";
		};
		88D43EB8262DA50100A6CD6A /* Admin */ = {
			isa = PBXGroup;
			children = (
				88D43FDE2635D7FF00A6CD6A /* AdminMain */,
				885584122642A09A002CAF41 /* Controllers */,
				88D43EC7262DB26900A6CD6A /* LogView */,
				88D43EC6262DB26200A6CD6A /* UserTableView */,
			);
			path = Admin;
			sourceTree = "<group>";
		};
		88D43EB9262DA53700A6CD6A /* ViewController */ = {
			isa = PBXGroup;
			children = (
				88D43E6E262C507300A6CD6A /* AdminPageViewController.swift */,
			);
			path = ViewController;
			sourceTree = "<group>";
		};
		88D43EC6262DB26200A6CD6A /* UserTableView */ = {
			isa = PBXGroup;
			children = (
				88D43FB22635D68600A6CD6A /* Presentation */,
				88D43FE62635D89500A6CD6A /* View */,
				88D43FBE2635D6E500A6CD6A /* ViewController */,
				88D43FBF2635D6F400A6CD6A /* ViewModel */,
			);
			path = UserTableView;
			sourceTree = "<group>";
		};
		88D43EC7262DB26900A6CD6A /* LogView */ = {
			isa = PBXGroup;
			children = (
				884E69DF26652FCB00528E7B /* LogTableViewController.swift */,
				884E69E026652FCB00528E7B /* LogTableViewController.xib */,
				884E69E92666959800528E7B /* cellTableViewCell.swift */,
				884E69EA2666959800528E7B /* cellTableViewCell.xib */,
			);
			path = LogView;
			sourceTree = "<group>";
		};
		88D43EE6262E142700A6CD6A /* Manager */ = {
			isa = PBXGroup;
			children = (
				88D43EE7262E143A00A6CD6A /* LocationManager.swift */,
				8855845E26498548002CAF41 /* ML.swift */,
			);
			path = Manager;
			sourceTree = "<group>";
		};
		88D43FB22635D68600A6CD6A /* Presentation */ = {
			isa = PBXGroup;
			children = (
				88D43FB62635D6CA00A6CD6A /* UserInfoPresentation.swift */,
			);
			path = Presentation;
			sourceTree = "<group>";
		};
		88D43FBE2635D6E500A6CD6A /* ViewController */ = {
			isa = PBXGroup;
			children = (
				88D43E85262C604500A6CD6A /* UserListTableViewController.swift */,
				88D43E86262C604500A6CD6A /* UserListTableViewController.xib */,
			);
			path = ViewController;
			sourceTree = "<group>";
		};
		88D43FBF2635D6F400A6CD6A /* ViewModel */ = {
			isa = PBXGroup;
			children = (
				88D43FC02635D71900A6CD6A /* UserListViewModel.swift */,
			);
			path = ViewModel;
			sourceTree = "<group>";
		};
		88D43FC82635D73100A6CD6A /* Data */ = {
			isa = PBXGroup;
			children = (
				885584212642A721002CAF41 /* Commands */,
				885584202642A711002CAF41 /* Model */,
			);
			path = Data;
			sourceTree = "<group>";
		};
		88D43FDE2635D7FF00A6CD6A /* AdminMain */ = {
			isa = PBXGroup;
			children = (
				885583FE26429D19002CAF41 /* Model */,
				88D43EB9262DA53700A6CD6A /* ViewController */,
			);
			path = AdminMain;
			sourceTree = "<group>";
		};
		88D43FE62635D89500A6CD6A /* View */ = {
			isa = PBXGroup;
			children = (
				88D43FDF2635D88D00A6CD6A /* UserTableViewCell.swift */,
				88D43FE02635D88D00A6CD6A /* UserTableViewCell.xib */,
			);
			path = View;
			sourceTree = "<group>";
		};
		88D43FEA2635DB3900A6CD6A /* Model */ = {
			isa = PBXGroup;
			children = (
				88D43FEB2635DB4B00A6CD6A /* SignUpViewModel.swift */,
			);
			path = Model;
			sourceTree = "<group>";
		};
		88D94E33266009CC0021A9B1 /* Guest */ = {
			isa = PBXGroup;
			children = (
				88D94E34266009D90021A9B1 /* Model */,
			);
			path = Guest;
			sourceTree = "<group>";
		};
		88D94E34266009D90021A9B1 /* Model */ = {
			isa = PBXGroup;
			children = (
				88D94E3526600A1F0021A9B1 /* Guest.swift */,
			);
			path = Model;
			sourceTree = "<group>";
		};
		E86770F1E49B263C84FE6A35 /* Frameworks */ = {
			isa = PBXGroup;
			children = (
				62D3E7CE731B8FDA5C720C40 /* Pods_Project1210.framework */,
				D71C53A91E0772C73D16DA28 /* libPods-Project1210Tests.a */,
				7C91315392675D03810BEBC1 /* libPods-Project1210UITests.a */,
			);
			name = Frameworks;
			sourceTree = "<group>";
		};
/* End PBXGroup section */

/* Begin PBXNativeTarget section */
		8826679F261A02C400657C23 /* Project1210 */ = {
			isa = PBXNativeTarget;
			buildConfigurationList = 882667CD261A02C500657C23 /* Build configuration list for PBXNativeTarget "Project1210" */;
			buildPhases = (
				BCAFD8E852EF20CB98FEDFAC /* [CP] Check Pods Manifest.lock */,
				8826679C261A02C400657C23 /* Sources */,
				8826679D261A02C400657C23 /* Frameworks */,
				8826679E261A02C400657C23 /* Resources */,
				0012F64BC65F0B1B2AF6A208 /* [CP] Copy Pods Resources */,
			);
			buildRules = (
			);
			dependencies = (
			);
			name = Project1210;
			packageProductDependencies = (
				88D43E15262B122B00A6CD6A /* SQLite */,
				88D94E2E2660081F0021A9B1 /* GoogleMapsUtils */,
			);
			productName = Project1210;
			productReference = 882667A0261A02C400657C23 /* Project1210.app */;
			productType = "com.apple.product-type.application";
		};
		882667B8261A02C500657C23 /* Project1210Tests */ = {
			isa = PBXNativeTarget;
			buildConfigurationList = 882667D0261A02C500657C23 /* Build configuration list for PBXNativeTarget "Project1210Tests" */;
			buildPhases = (
				C636ABF81BE52F7B7D14173B /* [CP] Check Pods Manifest.lock */,
				882667B5261A02C500657C23 /* Sources */,
				882667B6261A02C500657C23 /* Frameworks */,
				882667B7261A02C500657C23 /* Resources */,
			);
			buildRules = (
			);
			dependencies = (
				882667BB261A02C500657C23 /* PBXTargetDependency */,
			);
			name = Project1210Tests;
			productName = Project1210Tests;
			productReference = 882667B9261A02C500657C23 /* Project1210Tests.xctest */;
			productType = "com.apple.product-type.bundle.unit-test";
		};
		882667C3261A02C500657C23 /* Project1210UITests */ = {
			isa = PBXNativeTarget;
			buildConfigurationList = 882667D3261A02C500657C23 /* Build configuration list for PBXNativeTarget "Project1210UITests" */;
			buildPhases = (
				42207A2E4DE04948260B9ED5 /* [CP] Check Pods Manifest.lock */,
				882667C0261A02C500657C23 /* Sources */,
				882667C1261A02C500657C23 /* Frameworks */,
				882667C2261A02C500657C23 /* Resources */,
			);
			buildRules = (
			);
			dependencies = (
				882667C6261A02C500657C23 /* PBXTargetDependency */,
			);
			name = Project1210UITests;
			productName = Project1210UITests;
			productReference = 882667C4261A02C500657C23 /* Project1210UITests.xctest */;
			productType = "com.apple.product-type.bundle.ui-testing";
		};
/* End PBXNativeTarget section */

/* Begin PBXProject section */
		88266798261A02C400657C23 /* Project object */ = {
			isa = PBXProject;
			attributes = {
				LastSwiftUpdateCheck = 1240;
				LastUpgradeCheck = 1240;
				TargetAttributes = {
					8826679F261A02C400657C23 = {
						CreatedOnToolsVersion = 12.4;
					};
					882667B8261A02C500657C23 = {
						CreatedOnToolsVersion = 12.4;
						TestTargetID = 8826679F261A02C400657C23;
					};
					882667C3261A02C500657C23 = {
						CreatedOnToolsVersion = 12.4;
						TestTargetID = 8826679F261A02C400657C23;
					};
				};
			};
			buildConfigurationList = 8826679B261A02C400657C23 /* Build configuration list for PBXProject "Project1210" */;
			compatibilityVersion = "Xcode 9.3";
			developmentRegion = en;
			hasScannedForEncodings = 0;
			knownRegions = (
				en,
				Base,
			);
			mainGroup = 88266797261A02C400657C23;
			packageReferences = (
				88D43E14262B122B00A6CD6A /* XCRemoteSwiftPackageReference "SQLite.swift" */,
				88D94E2D2660081F0021A9B1 /* XCRemoteSwiftPackageReference "google-maps-ios-utils" */,
			);
			productRefGroup = 882667A1261A02C400657C23 /* Products */;
			projectDirPath = "";
			projectRoot = "";
			targets = (
				8826679F261A02C400657C23 /* Project1210 */,
				882667B8261A02C500657C23 /* Project1210Tests */,
				882667C3261A02C500657C23 /* Project1210UITests */,
			);
		};
/* End PBXProject section */

/* Begin PBXResourcesBuildPhase section */
		8826679E261A02C400657C23 /* Resources */ = {
			isa = PBXResourcesBuildPhase;
			buildActionMask = 2147483647;
			files = (
				88D43FE22635D88D00A6CD6A /* UserTableViewCell.xib in Resources */,
				882667B3261A02C400657C23 /* LaunchScreen.storyboard in Resources */,
				88266808261C730C00657C23 /* UserProfileViewController.xib in Resources */,
				88266821261CEC7300657C23 /* SymptomTestViewController.xib in Resources */,
				884E69C32663884A00528E7B /* currentLocation.gpx in Resources */,
				8855840B2642A084002CAF41 /* AdminSymptomTableViewController.xib in Resources */,
				882667B0261A02C400657C23 /* Assets.xcassets in Resources */,
				885584172642A125002CAF41 /* AdminSymptomTableViewCell.xib in Resources */,
				884E69E226652FCB00528E7B /* LogTableViewController.xib in Resources */,
				884E69EC2666959900528E7B /* cellTableViewCell.xib in Resources */,
				88D43E88262C604500A6CD6A /* UserListTableViewController.xib in Resources */,
				882667AB261A02C400657C23 /* Main.storyboard in Resources */,
				885583E2264020FB002CAF41 /* AdminSymptomViewController.xib in Resources */,
			);
			runOnlyForDeploymentPostprocessing = 0;
		};
		882667B7261A02C500657C23 /* Resources */ = {
			isa = PBXResourcesBuildPhase;
			buildActionMask = 2147483647;
			files = (
			);
			runOnlyForDeploymentPostprocessing = 0;
		};
		882667C2261A02C500657C23 /* Resources */ = {
			isa = PBXResourcesBuildPhase;
			buildActionMask = 2147483647;
			files = (
			);
			runOnlyForDeploymentPostprocessing = 0;
		};
/* End PBXResourcesBuildPhase section */

/* Begin PBXShellScriptBuildPhase section */
		0012F64BC65F0B1B2AF6A208 /* [CP] Copy Pods Resources */ = {
			isa = PBXShellScriptBuildPhase;
			buildActionMask = 2147483647;
			files = (
			);
			inputFileListPaths = (
				"${PODS_ROOT}/Target Support Files/Pods-Project1210/Pods-Project1210-resources-${CONFIGURATION}-input-files.xcfilelist",
			);
			name = "[CP] Copy Pods Resources";
			outputFileListPaths = (
				"${PODS_ROOT}/Target Support Files/Pods-Project1210/Pods-Project1210-resources-${CONFIGURATION}-output-files.xcfilelist",
			);
			runOnlyForDeploymentPostprocessing = 0;
			shellPath = /bin/sh;
			shellScript = "\"${PODS_ROOT}/Target Support Files/Pods-Project1210/Pods-Project1210-resources.sh\"\n";
			showEnvVarsInLog = 0;
		};
		42207A2E4DE04948260B9ED5 /* [CP] Check Pods Manifest.lock */ = {
			isa = PBXShellScriptBuildPhase;
			buildActionMask = 2147483647;
			files = (
			);
			inputFileListPaths = (
			);
			inputPaths = (
				"${PODS_PODFILE_DIR_PATH}/Podfile.lock",
				"${PODS_ROOT}/Manifest.lock",
			);
			name = "[CP] Check Pods Manifest.lock";
			outputFileListPaths = (
			);
			outputPaths = (
				"$(DERIVED_FILE_DIR)/Pods-Project1210UITests-checkManifestLockResult.txt",
			);
			runOnlyForDeploymentPostprocessing = 0;
			shellPath = /bin/sh;
			shellScript = "diff \"${PODS_PODFILE_DIR_PATH}/Podfile.lock\" \"${PODS_ROOT}/Manifest.lock\" > /dev/null\nif [ $? != 0 ] ; then\n    # print error to STDERR\n    echo \"error: The sandbox is not in sync with the Podfile.lock. Run 'pod install' or update your CocoaPods installation.\" >&2\n    exit 1\nfi\n# This output is used by Xcode 'outputs' to avoid re-running this script phase.\necho \"SUCCESS\" > \"${SCRIPT_OUTPUT_FILE_0}\"\n";
			showEnvVarsInLog = 0;
		};
		BCAFD8E852EF20CB98FEDFAC /* [CP] Check Pods Manifest.lock */ = {
			isa = PBXShellScriptBuildPhase;
			buildActionMask = 2147483647;
			files = (
			);
			inputFileListPaths = (
			);
			inputPaths = (
				"${PODS_PODFILE_DIR_PATH}/Podfile.lock",
				"${PODS_ROOT}/Manifest.lock",
			);
			name = "[CP] Check Pods Manifest.lock";
			outputFileListPaths = (
			);
			outputPaths = (
				"$(DERIVED_FILE_DIR)/Pods-Project1210-checkManifestLockResult.txt",
			);
			runOnlyForDeploymentPostprocessing = 0;
			shellPath = /bin/sh;
			shellScript = "diff \"${PODS_PODFILE_DIR_PATH}/Podfile.lock\" \"${PODS_ROOT}/Manifest.lock\" > /dev/null\nif [ $? != 0 ] ; then\n    # print error to STDERR\n    echo \"error: The sandbox is not in sync with the Podfile.lock. Run 'pod install' or update your CocoaPods installation.\" >&2\n    exit 1\nfi\n# This output is used by Xcode 'outputs' to avoid re-running this script phase.\necho \"SUCCESS\" > \"${SCRIPT_OUTPUT_FILE_0}\"\n";
			showEnvVarsInLog = 0;
		};
		C636ABF81BE52F7B7D14173B /* [CP] Check Pods Manifest.lock */ = {
			isa = PBXShellScriptBuildPhase;
			buildActionMask = 2147483647;
			files = (
			);
			inputFileListPaths = (
			);
			inputPaths = (
				"${PODS_PODFILE_DIR_PATH}/Podfile.lock",
				"${PODS_ROOT}/Manifest.lock",
			);
			name = "[CP] Check Pods Manifest.lock";
			outputFileListPaths = (
			);
			outputPaths = (
				"$(DERIVED_FILE_DIR)/Pods-Project1210Tests-checkManifestLockResult.txt",
			);
			runOnlyForDeploymentPostprocessing = 0;
			shellPath = /bin/sh;
			shellScript = "diff \"${PODS_PODFILE_DIR_PATH}/Podfile.lock\" \"${PODS_ROOT}/Manifest.lock\" > /dev/null\nif [ $? != 0 ] ; then\n    # print error to STDERR\n    echo \"error: The sandbox is not in sync with the Podfile.lock. Run 'pod install' or update your CocoaPods installation.\" >&2\n    exit 1\nfi\n# This output is used by Xcode 'outputs' to avoid re-running this script phase.\necho \"SUCCESS\" > \"${SCRIPT_OUTPUT_FILE_0}\"\n";
			showEnvVarsInLog = 0;
		};
/* End PBXShellScriptBuildPhase section */

/* Begin PBXSourcesBuildPhase section */
		8826679C261A02C400657C23 /* Sources */ = {
			isa = PBXSourcesBuildPhase;
			buildActionMask = 2147483647;
			files = (
				88D43E8D262C75B600A6CD6A /* SymptomQuestionModel.swift in Sources */,
				882667ED261A043300657C23 /* SignUpViewController.swift in Sources */,
				88D43FA92635D5D400A6CD6A /* UITableView+NibRegistering.swift in Sources */,
				88D43FCA2635D75F00A6CD6A /* DataBaseCommands.swift in Sources */,
				882667A8261A02C400657C23 /* MainPageViewController.swift in Sources */,
				88266820261CEC7300657C23 /* SymptomTestViewController.swift in Sources */,
				884E69E126652FCB00528E7B /* LogTableViewController.swift in Sources */,
				88D43E41262C1E2700A6CD6A /* DateFormatter.swift in Sources */,
				88D43FC12635D71900A6CD6A /* UserListViewModel.swift in Sources */,
				8855840A2642A084002CAF41 /* AdminSymptomTableViewController.swift in Sources */,
				882667E5261A03FD00657C23 /* UIButton+Styling.swift in Sources */,
				882667A4261A02C400657C23 /* AppDelegate.swift in Sources */,
				885583FA2642984A002CAF41 /* SymptomModel.swift in Sources */,
				882667F7261A11A300657C23 /* LoginViewController.swift in Sources */,
				882667A6261A02C400657C23 /* SceneDelegate.swift in Sources */,
				88D43E5B262C2E3C00A6CD6A /* IndexFormatter.swift in Sources */,
				88D43E87262C604500A6CD6A /* UserListTableViewController.swift in Sources */,
				8855845F26498548002CAF41 /* ML.swift in Sources */,
				885584162642A125002CAF41 /* AdminSymptomTableViewCell.swift in Sources */,
				882667AE261A02C400657C23 /* Project1210.xcdatamodeld in Sources */,
				88D43E6F262C507300A6CD6A /* AdminPageViewController.swift in Sources */,
				88D43FE12635D88D00A6CD6A /* UserTableViewCell.swift in Sources */,
				88D43EE8262E143A00A6CD6A /* LocationManager.swift in Sources */,
				884E69EB2666959900528E7B /* cellTableViewCell.swift in Sources */,
				88D43FEC2635DB4B00A6CD6A /* SignUpViewModel.swift in Sources */,
				88558470264FF6B3002CAF41 /* AdminSymptom+CoronoPrediction.swift in Sources */,
				88D43FAE2635D60E00A6CD6A /* UIView+Alert.swift in Sources */,
				88D43FD72635D7A500A6CD6A /* UserModel.swift in Sources */,
				885583E1264020FB002CAF41 /* AdminSymptomViewController.swift in Sources */,
				88D94E3626600A1F0021A9B1 /* Guest.swift in Sources */,
				8855841C2642A64F002CAF41 /* AdminCellModel.swift in Sources */,
				88D43FB72635D6CA00A6CD6A /* UserInfoPresentation.swift in Sources */,
				88558467264FF338002CAF41 /* AlgorithmModel.swift in Sources */,
				88266807261C730C00657C23 /* UserProfileViewController.swift in Sources */,
				8855840026429D27002CAF41 /* AdminModel.swift in Sources */,
				88D94E3B26600BF50021A9B1 /* Locations.swift in Sources */,
				88D94E172656EE180021A9B1 /* finalmodel.mlmodel in Sources */,
				88D43FD22635D78000A6CD6A /* DataBaseModel.swift in Sources */,
				882667F2261A045300657C23 /* MapViewController.swift in Sources */,
			);
			runOnlyForDeploymentPostprocessing = 0;
		};
		882667B5261A02C500657C23 /* Sources */ = {
			isa = PBXSourcesBuildPhase;
			buildActionMask = 2147483647;
			files = (
				882667BE261A02C500657C23 /* Project1210Tests.swift in Sources */,
			);
			runOnlyForDeploymentPostprocessing = 0;
		};
		882667C0261A02C500657C23 /* Sources */ = {
			isa = PBXSourcesBuildPhase;
			buildActionMask = 2147483647;
			files = (
				882667C9261A02C500657C23 /* Project1210UITests.swift in Sources */,
			);
			runOnlyForDeploymentPostprocessing = 0;
		};
/* End PBXSourcesBuildPhase section */

/* Begin PBXTargetDependency section */
		882667BB261A02C500657C23 /* PBXTargetDependency */ = {
			isa = PBXTargetDependency;
			target = 8826679F261A02C400657C23 /* Project1210 */;
			targetProxy = 882667BA261A02C500657C23 /* PBXContainerItemProxy */;
		};
		882667C6261A02C500657C23 /* PBXTargetDependency */ = {
			isa = PBXTargetDependency;
			target = 8826679F261A02C400657C23 /* Project1210 */;
			targetProxy = 882667C5261A02C500657C23 /* PBXContainerItemProxy */;
		};
/* End PBXTargetDependency section */

/* Begin PBXVariantGroup section */
		882667A9261A02C400657C23 /* Main.storyboard */ = {
			isa = PBXVariantGroup;
			children = (
				882667AA261A02C400657C23 /* Base */,
			);
			name = Main.storyboard;
			sourceTree = "<group>";
		};
		882667B1261A02C400657C23 /* LaunchScreen.storyboard */ = {
			isa = PBXVariantGroup;
			children = (
				882667B2261A02C400657C23 /* Base */,
			);
			name = LaunchScreen.storyboard;
			sourceTree = "<group>";
		};
/* End PBXVariantGroup section */

/* Begin XCBuildConfiguration section */
		882667CB261A02C500657C23 /* Debug */ = {
			isa = XCBuildConfiguration;
			buildSettings = {
				ALWAYS_SEARCH_USER_PATHS = NO;
				CLANG_ANALYZER_NONNULL = YES;
				CLANG_ANALYZER_NUMBER_OBJECT_CONVERSION = YES_AGGRESSIVE;
				CLANG_CXX_LANGUAGE_STANDARD = "gnu++14";
				CLANG_CXX_LIBRARY = "libc++";
				CLANG_ENABLE_MODULES = YES;
				CLANG_ENABLE_OBJC_ARC = YES;
				CLANG_ENABLE_OBJC_WEAK = YES;
				CLANG_WARN_BLOCK_CAPTURE_AUTORELEASING = YES;
				CLANG_WARN_BOOL_CONVERSION = YES;
				CLANG_WARN_COMMA = YES;
				CLANG_WARN_CONSTANT_CONVERSION = YES;
				CLANG_WARN_DEPRECATED_OBJC_IMPLEMENTATIONS = YES;
				CLANG_WARN_DIRECT_OBJC_ISA_USAGE = YES_ERROR;
				CLANG_WARN_DOCUMENTATION_COMMENTS = YES;
				CLANG_WARN_EMPTY_BODY = YES;
				CLANG_WARN_ENUM_CONVERSION = YES;
				CLANG_WARN_INFINITE_RECURSION = YES;
				CLANG_WARN_INT_CONVERSION = YES;
				CLANG_WARN_NON_LITERAL_NULL_CONVERSION = YES;
				CLANG_WARN_OBJC_IMPLICIT_RETAIN_SELF = YES;
				CLANG_WARN_OBJC_LITERAL_CONVERSION = YES;
				CLANG_WARN_OBJC_ROOT_CLASS = YES_ERROR;
				CLANG_WARN_QUOTED_INCLUDE_IN_FRAMEWORK_HEADER = YES;
				CLANG_WARN_RANGE_LOOP_ANALYSIS = YES;
				CLANG_WARN_STRICT_PROTOTYPES = YES;
				CLANG_WARN_SUSPICIOUS_MOVE = YES;
				CLANG_WARN_UNGUARDED_AVAILABILITY = YES_AGGRESSIVE;
				CLANG_WARN_UNREACHABLE_CODE = YES;
				CLANG_WARN__DUPLICATE_METHOD_MATCH = YES;
				COPY_PHASE_STRIP = NO;
				DEBUG_INFORMATION_FORMAT = dwarf;
				ENABLE_STRICT_OBJC_MSGSEND = YES;
				ENABLE_TESTABILITY = YES;
				GCC_C_LANGUAGE_STANDARD = gnu11;
				GCC_DYNAMIC_NO_PIC = NO;
				GCC_NO_COMMON_BLOCKS = YES;
				GCC_OPTIMIZATION_LEVEL = 0;
				GCC_PREPROCESSOR_DEFINITIONS = (
					"DEBUG=1",
					"$(inherited)",
				);
				GCC_WARN_64_TO_32_BIT_CONVERSION = YES;
				GCC_WARN_ABOUT_RETURN_TYPE = YES_ERROR;
				GCC_WARN_UNDECLARED_SELECTOR = YES;
				GCC_WARN_UNINITIALIZED_AUTOS = YES_AGGRESSIVE;
				GCC_WARN_UNUSED_FUNCTION = YES;
				GCC_WARN_UNUSED_VARIABLE = YES;
				IPHONEOS_DEPLOYMENT_TARGET = 14.4;
				MTL_ENABLE_DEBUG_INFO = INCLUDE_SOURCE;
				MTL_FAST_MATH = YES;
				ONLY_ACTIVE_ARCH = YES;
				SDKROOT = iphoneos;
				SWIFT_ACTIVE_COMPILATION_CONDITIONS = DEBUG;
				SWIFT_OPTIMIZATION_LEVEL = "-Onone";
			};
			name = Debug;
		};
		882667CC261A02C500657C23 /* Release */ = {
			isa = XCBuildConfiguration;
			buildSettings = {
				ALWAYS_SEARCH_USER_PATHS = NO;
				CLANG_ANALYZER_NONNULL = YES;
				CLANG_ANALYZER_NUMBER_OBJECT_CONVERSION = YES_AGGRESSIVE;
				CLANG_CXX_LANGUAGE_STANDARD = "gnu++14";
				CLANG_CXX_LIBRARY = "libc++";
				CLANG_ENABLE_MODULES = YES;
				CLANG_ENABLE_OBJC_ARC = YES;
				CLANG_ENABLE_OBJC_WEAK = YES;
				CLANG_WARN_BLOCK_CAPTURE_AUTORELEASING = YES;
				CLANG_WARN_BOOL_CONVERSION = YES;
				CLANG_WARN_COMMA = YES;
				CLANG_WARN_CONSTANT_CONVERSION = YES;
				CLANG_WARN_DEPRECATED_OBJC_IMPLEMENTATIONS = YES;
				CLANG_WARN_DIRECT_OBJC_ISA_USAGE = YES_ERROR;
				CLANG_WARN_DOCUMENTATION_COMMENTS = YES;
				CLANG_WARN_EMPTY_BODY = YES;
				CLANG_WARN_ENUM_CONVERSION = YES;
				CLANG_WARN_INFINITE_RECURSION = YES;
				CLANG_WARN_INT_CONVERSION = YES;
				CLANG_WARN_NON_LITERAL_NULL_CONVERSION = YES;
				CLANG_WARN_OBJC_IMPLICIT_RETAIN_SELF = YES;
				CLANG_WARN_OBJC_LITERAL_CONVERSION = YES;
				CLANG_WARN_OBJC_ROOT_CLASS = YES_ERROR;
				CLANG_WARN_QUOTED_INCLUDE_IN_FRAMEWORK_HEADER = YES;
				CLANG_WARN_RANGE_LOOP_ANALYSIS = YES;
				CLANG_WARN_STRICT_PROTOTYPES = YES;
				CLANG_WARN_SUSPICIOUS_MOVE = YES;
				CLANG_WARN_UNGUARDED_AVAILABILITY = YES_AGGRESSIVE;
				CLANG_WARN_UNREACHABLE_CODE = YES;
				CLANG_WARN__DUPLICATE_METHOD_MATCH = YES;
				COPY_PHASE_STRIP = NO;
				DEBUG_INFORMATION_FORMAT = "dwarf-with-dsym";
				ENABLE_NS_ASSERTIONS = NO;
				ENABLE_STRICT_OBJC_MSGSEND = YES;
				GCC_C_LANGUAGE_STANDARD = gnu11;
				GCC_NO_COMMON_BLOCKS = YES;
				GCC_WARN_64_TO_32_BIT_CONVERSION = YES;
				GCC_WARN_ABOUT_RETURN_TYPE = YES_ERROR;
				GCC_WARN_UNDECLARED_SELECTOR = YES;
				GCC_WARN_UNINITIALIZED_AUTOS = YES_AGGRESSIVE;
				GCC_WARN_UNUSED_FUNCTION = YES;
				GCC_WARN_UNUSED_VARIABLE = YES;
				IPHONEOS_DEPLOYMENT_TARGET = 14.4;
				MTL_ENABLE_DEBUG_INFO = NO;
				MTL_FAST_MATH = YES;
				SDKROOT = iphoneos;
				SWIFT_COMPILATION_MODE = wholemodule;
				SWIFT_OPTIMIZATION_LEVEL = "-O";
				VALIDATE_PRODUCT = YES;
			};
			name = Release;
		};
		882667CE261A02C500657C23 /* Debug */ = {
			isa = XCBuildConfiguration;
			baseConfigurationReference = ABD6046D65B4C274BA85E522 /* Pods-Project1210.debug.xcconfig */;
			buildSettings = {
				ASSETCATALOG_COMPILER_APPICON_NAME = AppIcon;
				ASSETCATALOG_COMPILER_GLOBAL_ACCENT_COLOR_NAME = AccentColor;
				CODE_SIGN_STYLE = Automatic;
				INFOPLIST_FILE = Project1210/Info.plist;
				LD_RUNPATH_SEARCH_PATHS = (
					"$(inherited)",
					"@executable_path/Frameworks",
				);
				PRODUCT_BUNDLE_IDENTIFIER = com.IlaydaKodal.Project1210;
				PRODUCT_NAME = "$(TARGET_NAME)";
				SWIFT_VERSION = 5.0;
				TARGETED_DEVICE_FAMILY = "1,2";
			};
			name = Debug;
		};
		882667CF261A02C500657C23 /* Release */ = {
			isa = XCBuildConfiguration;
			baseConfigurationReference = 10D3097E1EEAD4F103193CEF /* Pods-Project1210.release.xcconfig */;
			buildSettings = {
				ASSETCATALOG_COMPILER_APPICON_NAME = AppIcon;
				ASSETCATALOG_COMPILER_GLOBAL_ACCENT_COLOR_NAME = AccentColor;
				CODE_SIGN_STYLE = Automatic;
				INFOPLIST_FILE = Project1210/Info.plist;
				LD_RUNPATH_SEARCH_PATHS = (
					"$(inherited)",
					"@executable_path/Frameworks",
				);
				PRODUCT_BUNDLE_IDENTIFIER = com.IlaydaKodal.Project1210;
				PRODUCT_NAME = "$(TARGET_NAME)";
				SWIFT_VERSION = 5.0;
				TARGETED_DEVICE_FAMILY = "1,2";
			};
			name = Release;
		};
		882667D1261A02C500657C23 /* Debug */ = {
			isa = XCBuildConfiguration;
			baseConfigurationReference = 51421A8D434282DF5A341126 /* Pods-Project1210Tests.debug.xcconfig */;
			buildSettings = {
				ALWAYS_EMBED_SWIFT_STANDARD_LIBRARIES = YES;
				BUNDLE_LOADER = "$(TEST_HOST)";
				CODE_SIGN_STYLE = Automatic;
				INFOPLIST_FILE = Project1210Tests/Info.plist;
				IPHONEOS_DEPLOYMENT_TARGET = 14.4;
				LD_RUNPATH_SEARCH_PATHS = (
					"$(inherited)",
					"@executable_path/Frameworks",
					"@loader_path/Frameworks",
				);
				PRODUCT_BUNDLE_IDENTIFIER = com.IlaydaKodal.Project1210Tests;
				PRODUCT_NAME = "$(TARGET_NAME)";
				SWIFT_VERSION = 5.0;
				TARGETED_DEVICE_FAMILY = "1,2";
				TEST_HOST = "$(BUILT_PRODUCTS_DIR)/Project1210.app/Project1210";
			};
			name = Debug;
		};
		882667D2261A02C500657C23 /* Release */ = {
			isa = XCBuildConfiguration;
			baseConfigurationReference = 4835A31039F33ED3491E41FD /* Pods-Project1210Tests.release.xcconfig */;
			buildSettings = {
				ALWAYS_EMBED_SWIFT_STANDARD_LIBRARIES = YES;
				BUNDLE_LOADER = "$(TEST_HOST)";
				CODE_SIGN_STYLE = Automatic;
				INFOPLIST_FILE = Project1210Tests/Info.plist;
				IPHONEOS_DEPLOYMENT_TARGET = 14.4;
				LD_RUNPATH_SEARCH_PATHS = (
					"$(inherited)",
					"@executable_path/Frameworks",
					"@loader_path/Frameworks",
				);
				PRODUCT_BUNDLE_IDENTIFIER = com.IlaydaKodal.Project1210Tests;
				PRODUCT_NAME = "$(TARGET_NAME)";
				SWIFT_VERSION = 5.0;
				TARGETED_DEVICE_FAMILY = "1,2";
				TEST_HOST = "$(BUILT_PRODUCTS_DIR)/Project1210.app/Project1210";
			};
			name = Release;
		};
		882667D4261A02C500657C23 /* Debug */ = {
			isa = XCBuildConfiguration;
			baseConfigurationReference = C24EA4CF7432345D24151135 /* Pods-Project1210UITests.debug.xcconfig */;
			buildSettings = {
				ALWAYS_EMBED_SWIFT_STANDARD_LIBRARIES = YES;
				CODE_SIGN_STYLE = Automatic;
				INFOPLIST_FILE = Project1210UITests/Info.plist;
				LD_RUNPATH_SEARCH_PATHS = (
					"$(inherited)",
					"@executable_path/Frameworks",
					"@loader_path/Frameworks",
				);
				PRODUCT_BUNDLE_IDENTIFIER = com.IlaydaKodal.Project1210UITests;
				PRODUCT_NAME = "$(TARGET_NAME)";
				SWIFT_VERSION = 5.0;
				TARGETED_DEVICE_FAMILY = "1,2";
				TEST_TARGET_NAME = Project1210;
			};
			name = Debug;
		};
		882667D5261A02C500657C23 /* Release */ = {
			isa = XCBuildConfiguration;
			baseConfigurationReference = 998A915BF3D9EAB7F08439D4 /* Pods-Project1210UITests.release.xcconfig */;
			buildSettings = {
				ALWAYS_EMBED_SWIFT_STANDARD_LIBRARIES = YES;
				CODE_SIGN_STYLE = Automatic;
				INFOPLIST_FILE = Project1210UITests/Info.plist;
				LD_RUNPATH_SEARCH_PATHS = (
					"$(inherited)",
					"@executable_path/Frameworks",
					"@loader_path/Frameworks",
				);
				PRODUCT_BUNDLE_IDENTIFIER = com.IlaydaKodal.Project1210UITests;
				PRODUCT_NAME = "$(TARGET_NAME)";
				SWIFT_VERSION = 5.0;
				TARGETED_DEVICE_FAMILY = "1,2";
				TEST_TARGET_NAME = Project1210;
			};
			name = Release;
		};
/* End XCBuildConfiguration section */

/* Begin XCConfigurationList section */
		8826679B261A02C400657C23 /* Build configuration list for PBXProject "Project1210" */ = {
			isa = XCConfigurationList;
			buildConfigurations = (
				882667CB261A02C500657C23 /* Debug */,
				882667CC261A02C500657C23 /* Release */,
			);
			defaultConfigurationIsVisible = 0;
			defaultConfigurationName = Release;
		};
		882667CD261A02C500657C23 /* Build configuration list for PBXNativeTarget "Project1210" */ = {
			isa = XCConfigurationList;
			buildConfigurations = (
				882667CE261A02C500657C23 /* Debug */,
				882667CF261A02C500657C23 /* Release */,
			);
			defaultConfigurationIsVisible = 0;
			defaultConfigurationName = Release;
		};
		882667D0261A02C500657C23 /* Build configuration list for PBXNativeTarget "Project1210Tests" */ = {
			isa = XCConfigurationList;
			buildConfigurations = (
				882667D1261A02C500657C23 /* Debug */,
				882667D2261A02C500657C23 /* Release */,
			);
			defaultConfigurationIsVisible = 0;
			defaultConfigurationName = Release;
		};
		882667D3261A02C500657C23 /* Build configuration list for PBXNativeTarget "Project1210UITests" */ = {
			isa = XCConfigurationList;
			buildConfigurations = (
				882667D4261A02C500657C23 /* Debug */,
				882667D5261A02C500657C23 /* Release */,
			);
			defaultConfigurationIsVisible = 0;
			defaultConfigurationName = Release;
		};
/* End XCConfigurationList section */

/* Begin XCRemoteSwiftPackageReference section */
		88D43E14262B122B00A6CD6A /* XCRemoteSwiftPackageReference "SQLite.swift" */ = {
			isa = XCRemoteSwiftPackageReference;
			repositoryURL = "https://github.com/stephencelis/SQLite.swift.git";
			requirement = {
				kind = upToNextMajorVersion;
				minimumVersion = 0.12.2;
			};
		};
		88D94E2D2660081F0021A9B1 /* XCRemoteSwiftPackageReference "google-maps-ios-utils" */ = {
			isa = XCRemoteSwiftPackageReference;
			repositoryURL = "https://github.com/googlemaps/google-maps-ios-utils.git";
			requirement = {
				kind = upToNextMajorVersion;
				minimumVersion = 3.9.0;
			};
		};
/* End XCRemoteSwiftPackageReference section */

/* Begin XCSwiftPackageProductDependency section */
		88D43E15262B122B00A6CD6A /* SQLite */ = {
			isa = XCSwiftPackageProductDependency;
			package = 88D43E14262B122B00A6CD6A /* XCRemoteSwiftPackageReference "SQLite.swift" */;
			productName = SQLite;
		};
		88D94E2E2660081F0021A9B1 /* GoogleMapsUtils */ = {
			isa = XCSwiftPackageProductDependency;
			package = 88D94E2D2660081F0021A9B1 /* XCRemoteSwiftPackageReference "google-maps-ios-utils" */;
			productName = GoogleMapsUtils;
		};
/* End XCSwiftPackageProductDependency section */

/* Begin XCVersionGroup section */
		882667AC261A02C400657C23 /* Project1210.xcdatamodeld */ = {
			isa = XCVersionGroup;
			children = (
				882667AD261A02C400657C23 /* Project1210.xcdatamodel */,
			);
			currentVersion = 882667AD261A02C400657C23 /* Project1210.xcdatamodel */;
			path = Project1210.xcdatamodeld;
			sourceTree = "<group>";
			versionGroupType = wrapper.xcdatamodel;
		};
/* End XCVersionGroup section */
	};
	rootObject = 88266798261A02C400657C23 /* Project object */;
}
